
Microsoft Visual Studio Solution File, Format Version 12.00
# Visual Studio Version 16
VisualStudioVersion = 16.0.32106.194
MinimumVisualStudioVersion = 10.0.40219.1
Project("{9A19103F-16F7-4668-BE54-9A1E7A4F7556}") = "GraduateProject.Common", "GraduateProject.Common\GraduateProject.Common.csproj", "{655ADCC1-81CE-4481-8155-A369CD5E8B82}"
EndProject
Project("{9A19103F-16F7-4668-BE54-9A1E7A4F7556}") = "GraduateProject.CP", "GraduateProject.CP\GraduateProject.CP.csproj", "{4088C02A-C73E-4278-A640-A2E380F3B0FC}"
EndProject
Project("{9A19103F-16F7-4668-BE54-9A1E7A4F7556}") = "GraduateProject.UI", "GraduateProject.UI\GraduateProject.UI.csproj", "{6EB38DA8-5F60-43C5-85CE-B2FFBCBE7E7E}"
EndProject
Global
	GlobalSection(SolutionConfigurationPlatforms) = preSolution
		Debug|Any CPU = Debug|Any CPU
		Release|Any CPU = Release|Any CPU
	EndGlobalSection
	GlobalSection(ProjectConfigurationPlatforms) = postSolution
		{655ADCC1-81CE-4481-8155-A369CD5E8B82}.Debug|Any CPU.ActiveCfg = Debug|Any CPU
		{655ADCC1-81CE-4481-8155-A369CD5E8B82}.Debug|Any CPU.Build.0 = Debug|Any CPU
		{655ADCC1-81CE-4481-8155-A369CD5E8B82}.Release|Any CPU.ActiveCfg = Release|Any CPU
		{655ADCC1-81CE-4481-8155-A369CD5E8B82}.Release|Any CPU.Build.0 = Release|Any CPU
		{4088C02A-C73E-4278-A640-A2E380F3B0FC}.Debug|Any CPU.ActiveCfg = Debug|Any CPU
		{4088C02A-C73E-4278-A640-A2E380F3B0FC}.Debug|Any CPU.Build.0 = Debug|Any CPU
		{4088C02A-C73E-4278-A640-A2E380F3B0FC}.Release|Any CPU.ActiveCfg = Release|Any CPU
		{4088C02A-C73E-4278-A640-A2E380F3B0FC}.Release|Any CPU.Build.0 = Release|Any CPU
		{6EB38DA8-5F60-43C5-85CE-B2FFBCBE7E7E}.Debug|Any CPU.ActiveCfg = Debug|Any CPU
		{6EB38DA8-5F60-43C5-85CE-B2FFBCBE7E7E}.Debug|Any CPU.Build.0 = Debug|Any CPU
		{6EB38DA8-5F60-43C5-85CE-B2FFBCBE7E7E}.Release|Any CPU.ActiveCfg = Release|Any CPU
		{6EB38DA8-5F60-43C5-85CE-B2FFBCBE7E7E}.Release|Any CPU.Build.0 = Release|Any CPU
	EndGlobalSection
	GlobalSection(SolutionProperties) = preSolution
		HideSolutionNode = FALSE
	EndGlobalSection
	GlobalSection(ExtensibilityGlobals) = postSolution
		SolutionGuid = {CE47E7CA-165B-4676-9E64-E24ED6C1D5D1}
	EndGlobalSection
EndGlobal
